
Microsoft Visual Studio Solution File, Format Version 12.00
# Visual Studio Version 16
VisualStudioVersion = 16.0.30711.63
MinimumVisualStudioVersion = 10.0.40219.1
Project("{9A19103F-16F7-4668-BE54-9A1E7A4F7556}") = "SystemMonitoring", "SystemMonitoring\SystemMonitoring.csproj", "{276E58FC-DD92-4682-BD4E-B94670041C45}"
EndProject
Project("{9A19103F-16F7-4668-BE54-9A1E7A4F7556}") = "SystemMonitoring.Backend", "SystemMonitoring.Backend\SystemMonitoring.Backend.csproj", "{C10E89BA-DA2C-4C66-9280-E33C3A5A30A7}"
EndProject
Project("{FAE04EC0-301F-11D3-BF4B-00C04F79EFBC}") = "SystemMonitoring.Test", "SystemMonitoring.Test\SystemMonitoring.Test.csproj", "{2F45A8CA-4C22-4491-B03C-E619BDA559F9}"
EndProject
Global
	GlobalSection(SolutionConfigurationPlatforms) = preSolution
		Debug|Any CPU = Debug|Any CPU
		Release|Any CPU = Release|Any CPU
	EndGlobalSection
	GlobalSection(ProjectConfigurationPlatforms) = postSolution
		{276E58FC-DD92-4682-BD4E-B94670041C45}.Debug|Any CPU.ActiveCfg = Debug|Any CPU
		{276E58FC-DD92-4682-BD4E-B94670041C45}.Debug|Any CPU.Build.0 = Debug|Any CPU
		{276E58FC-DD92-4682-BD4E-B94670041C45}.Release|Any CPU.ActiveCfg = Release|Any CPU
		{276E58FC-DD92-4682-BD4E-B94670041C45}.Release|Any CPU.Build.0 = Release|Any CPU
		{C10E89BA-DA2C-4C66-9280-E33C3A5A30A7}.Debug|Any CPU.ActiveCfg = Debug|Any CPU
		{C10E89BA-DA2C-4C66-9280-E33C3A5A30A7}.Debug|Any CPU.Build.0 = Debug|Any CPU
		{C10E89BA-DA2C-4C66-9280-E33C3A5A30A7}.Release|Any CPU.ActiveCfg = Release|Any CPU
		{C10E89BA-DA2C-4C66-9280-E33C3A5A30A7}.Release|Any CPU.Build.0 = Release|Any CPU
		{2F45A8CA-4C22-4491-B03C-E619BDA559F9}.Debug|Any CPU.ActiveCfg = Debug|Any CPU
		{2F45A8CA-4C22-4491-B03C-E619BDA559F9}.Debug|Any CPU.Build.0 = Debug|Any CPU
		{2F45A8CA-4C22-4491-B03C-E619BDA559F9}.Release|Any CPU.ActiveCfg = Release|Any CPU
		{2F45A8CA-4C22-4491-B03C-E619BDA559F9}.Release|Any CPU.Build.0 = Release|Any CPU
	EndGlobalSection
	GlobalSection(SolutionProperties) = preSolution
		HideSolutionNode = FALSE
	EndGlobalSection
	GlobalSection(ExtensibilityGlobals) = postSolution
		SolutionGuid = {762B37CD-061E-454B-A60B-0606927FA059}
	EndGlobalSection
EndGlobal
